github.com/SnackLog/service-config-lib v0.0.0-20251222224339-3d2828fa06a2 h1:7kAwusvdIRCGXGgfaVjF0XRHxG7Y3/Wa7JOy56KohDs=
github.com/SnackLog/service-config-lib v0.0.0-20251222224339-3d2828fa06a2/go.mod h1:FekzUIjuiOjTfOisRBFt8sBS+fOW8nGrAxNPoxY7Yo0=
github.com/SnackLog/service-config-lib v0.0.1 h1:QnuyffoYemlfAF9cvGy3zzS6CLDPlw2+52YDhqcgEIY=
github.com/SnackLog/service-config-lib v0.0.1/go.mod h1:FekzUIjuiOjTfOisRBFt8sBS+fOW8nGrAxNPoxY7Yo0=
